
Microsoft Visual Studio Solution File, Format Version 12.00
# Visual Studio Version 17
VisualStudioVersion = 17.4.33213.308
MinimumVisualStudioVersion = 10.0.40219.1
Project("{FAE04EC0-301F-11D3-BF4B-00C04F79EFBC}") = "Ejercicio01 - 3x3", "Ejercicio01 - 3x3\Ejercicio01 - 3x3.csproj", "{B3904CC4-B56B-4941-BD6A-D464A9F541DF}"
EndProject
Project("{FAE04EC0-301F-11D3-BF4B-00C04F79EFBC}") = "Ejercicio02 - 3x5", "Ejercicio02 - 3x5\Ejercicio02 - 3x5.csproj", "{B5D4FBA0-7972-4847-B3D9-DEB9AA6B3017}"
EndProject
Project("{FAE04EC0-301F-11D3-BF4B-00C04F79EFBC}") = "Ejercicio03 - NxM", "Ejercicio03 - NxM\Ejercicio03 - NxM.csproj", "{9892BC59-7A25-4C24-81B7-B3BD0E8F2246}"
EndProject
Project("{FAE04EC0-301F-11D3-BF4B-00C04F79EFBC}") = "Ejercicio04 - NxM suma", "Ejercicio04 - NxM suma\Ejercicio04 - NxM suma.csproj", "{A8EE69F2-5F7D-43F6-8624-B5AEB09EFF52}"
EndProject
Project("{FAE04EC0-301F-11D3-BF4B-00C04F79EFBC}") = "Ejercicio05 - 4x4 promedio", "Ejercicio05 - 4x4 promedio\Ejercicio05 - 4x4 promedio.csproj", "{461D9431-4096-4C2D-9C48-4DE60982A64B}"
EndProject
Project("{FAE04EC0-301F-11D3-BF4B-00C04F79EFBC}") = "Ejercicio06 - 4x4 maximo y minimo 1", "Ejercicio06 - 4x4 maximo y minimo 1\Ejercicio06 - 4x4 maximo y minimo 1.csproj", "{D7F9B6E5-909E-45AF-9CCE-987AA81A45C9}"
EndProject
Project("{FAE04EC0-301F-11D3-BF4B-00C04F79EFBC}") = "Ejercicio07 - 4x4 maximo y minimo 2", "Ejercicio07 - 4x4 maximo y minimo 2\Ejercicio07 - 4x4 maximo y minimo 2.csproj", "{E4AAD128-D34A-4D68-9D09-831D1185E826}"
EndProject
Project("{FAE04EC0-301F-11D3-BF4B-00C04F79EFBC}") = "Ejercicio08 - NxM multiplicacion", "Ejercicio08 - NxM multiplicacion\Ejercicio08 - NxM multiplicacion.csproj", "{E8C50667-557B-4409-B3B8-B38A6CD171EF}"
EndProject
Project("{FAE04EC0-301F-11D3-BF4B-00C04F79EFBC}") = "Ejercicio09 - 4x4 sumatoria", "Ejercicio09 - 4x4 sumatoria\Ejercicio09 - 4x4 sumatoria.csproj", "{003E6EF4-041C-40BF-961A-A7CF77E7A1A3}"
EndProject
Project("{FAE04EC0-301F-11D3-BF4B-00C04F79EFBC}") = "Ejercicio10 - 3x5 promedio fila y columna", "Ejercicio10 - 3x5 promedio fila y columna\Ejercicio10 - 3x5 promedio fila y columna.csproj", "{4D44418C-45E4-4068-9679-61575AB72BA6}"
EndProject
Project("{FAE04EC0-301F-11D3-BF4B-00C04F79EFBC}") = "Ejercicio11 - NxN sumas diagonales", "Ejercicio11 - Matriz cuadrada sumas diagonales\Ejercicio11 - NxN sumas diagonales.csproj", "{0A7E4365-2F5D-4EFB-99DA-C9D8C763B80F}"
EndProject
Project("{FAE04EC0-301F-11D3-BF4B-00C04F79EFBC}") = "Ejercicio12 - 3x4 y tres vectores (filas)", "Ejercicio12 - 3x4 y tres vectores (filas)\Ejercicio12 - 3x4 y tres vectores (filas).csproj", "{BFAC67DD-B027-4535-B7EF-AB25EA331BF3}"
EndProject
Project("{FAE04EC0-301F-11D3-BF4B-00C04F79EFBC}") = "Ejercicio13 - 3x4 y cuatro vectores (columnas)", "Ejercicio13 - 3x4 y cuatro vectores (columnas)\Ejercicio13 - 3x4 y cuatro vectores (columnas).csproj", "{D98BA425-8F57-4CE6-BAA0-263C488E6A15}"
EndProject
Project("{FAE04EC0-301F-11D3-BF4B-00C04F79EFBC}") = "Ejercicio14 - NxN suma borde", "Ejercicio14 - Matriz cuadrada suma borde\Ejercicio14 - NxN suma borde.csproj", "{BC80FB7F-ED6C-488F-BCBD-46E11FD9CDA5}"
EndProject
Project("{FAE04EC0-301F-11D3-BF4B-00C04F79EFBC}") = "Ejercicio15 - NxN pares e impares borde", "Ejercicio15 - Matriz cuadrada pares e impares borde\Ejercicio15 - NxN pares e impares borde.csproj", "{66D1F637-7C9D-4C7B-83AA-8DAFF16CD70C}"
EndProject
Project("{FAE04EC0-301F-11D3-BF4B-00C04F79EFBC}") = "Ejercicio16 - NxN suma filas impares", "Ejercicio16 - Matriz cuadrada suma filas impares\Ejercicio16 - NxN suma filas impares.csproj", "{4EF5C50A-8DC3-4342-AC2C-4D6FDECD202F}"
EndProject
Project("{FAE04EC0-301F-11D3-BF4B-00C04F79EFBC}") = "Ejercicio17 - NxN suma columnas pares", "Ejercicio17 - Matriz cuadrada suma columnas pares\Ejercicio17 - NxN suma columnas pares.csproj", "{00AD1263-F555-4D46-A379-2DE265893DE9}"
EndProject
Project("{FAE04EC0-301F-11D3-BF4B-00C04F79EFBC}") = "Ejercicio18 - NxN rango numeros", "Ejercicio18 - Matriz cuadrada rango numeros\Ejercicio18 - NxN rango numeros.csproj", "{680383F6-FF2B-49B2-9968-EBBC54E187BB}"
EndProject
Project("{FAE04EC0-301F-11D3-BF4B-00C04F79EFBC}") = "Ejercicio19 - De vectores a matriz 1", "Ejercicio19 - De vectores a matriz 1\Ejercicio19 - De vectores a matriz 1.csproj", "{FA82021D-B2A6-419E-87A1-470B02F014F6}"
EndProject
Project("{FAE04EC0-301F-11D3-BF4B-00C04F79EFBC}") = "Ejercicio20 - De vectores a matriz 2", "Ejercicio20 - De vectores a matriz 2\Ejercicio20 - De vectores a matriz 2.csproj", "{679DF506-6FCD-4BF0-9FC6-9730CB416269}"
EndProject
Project("{FAE04EC0-301F-11D3-BF4B-00C04F79EFBC}") = "Ejercicio21 - Matriz transpuesta", "Ejercicio21 - Matriz transpuesta\Ejercicio21 - Matriz transpuesta.csproj", "{DE4AC79A-C066-4FE1-AD5E-7C6A799D5F89}"
EndProject
Global
	GlobalSection(SolutionConfigurationPlatforms) = preSolution
		Debug|Any CPU = Debug|Any CPU
		Release|Any CPU = Release|Any CPU
	EndGlobalSection
	GlobalSection(ProjectConfigurationPlatforms) = postSolution
		{B3904CC4-B56B-4941-BD6A-D464A9F541DF}.Debug|Any CPU.ActiveCfg = Debug|Any CPU
		{B3904CC4-B56B-4941-BD6A-D464A9F541DF}.Debug|Any CPU.Build.0 = Debug|Any CPU
		{B3904CC4-B56B-4941-BD6A-D464A9F541DF}.Release|Any CPU.ActiveCfg = Release|Any CPU
		{B3904CC4-B56B-4941-BD6A-D464A9F541DF}.Release|Any CPU.Build.0 = Release|Any CPU
		{B5D4FBA0-7972-4847-B3D9-DEB9AA6B3017}.Debug|Any CPU.ActiveCfg = Debug|Any CPU
		{B5D4FBA0-7972-4847-B3D9-DEB9AA6B3017}.Debug|Any CPU.Build.0 = Debug|Any CPU
		{B5D4FBA0-7972-4847-B3D9-DEB9AA6B3017}.Release|Any CPU.ActiveCfg = Release|Any CPU
		{B5D4FBA0-7972-4847-B3D9-DEB9AA6B3017}.Release|Any CPU.Build.0 = Release|Any CPU
		{9892BC59-7A25-4C24-81B7-B3BD0E8F2246}.Debug|Any CPU.ActiveCfg = Debug|Any CPU
		{9892BC59-7A25-4C24-81B7-B3BD0E8F2246}.Debug|Any CPU.Build.0 = Debug|Any CPU
		{9892BC59-7A25-4C24-81B7-B3BD0E8F2246}.Release|Any CPU.ActiveCfg = Release|Any CPU
		{9892BC59-7A25-4C24-81B7-B3BD0E8F2246}.Release|Any CPU.Build.0 = Release|Any CPU
		{A8EE69F2-5F7D-43F6-8624-B5AEB09EFF52}.Debug|Any CPU.ActiveCfg = Debug|Any CPU
		{A8EE69F2-5F7D-43F6-8624-B5AEB09EFF52}.Debug|Any CPU.Build.0 = Debug|Any CPU
		{A8EE69F2-5F7D-43F6-8624-B5AEB09EFF52}.Release|Any CPU.ActiveCfg = Release|Any CPU
		{A8EE69F2-5F7D-43F6-8624-B5AEB09EFF52}.Release|Any CPU.Build.0 = Release|Any CPU
		{461D9431-4096-4C2D-9C48-4DE60982A64B}.Debug|Any CPU.ActiveCfg = Debug|Any CPU
		{461D9431-4096-4C2D-9C48-4DE60982A64B}.Debug|Any CPU.Build.0 = Debug|Any CPU
		{461D9431-4096-4C2D-9C48-4DE60982A64B}.Release|Any CPU.ActiveCfg = Release|Any CPU
		{461D9431-4096-4C2D-9C48-4DE60982A64B}.Release|Any CPU.Build.0 = Release|Any CPU
		{D7F9B6E5-909E-45AF-9CCE-987AA81A45C9}.Debug|Any CPU.ActiveCfg = Debug|Any CPU
		{D7F9B6E5-909E-45AF-9CCE-987AA81A45C9}.Debug|Any CPU.Build.0 = Debug|Any CPU
		{D7F9B6E5-909E-45AF-9CCE-987AA81A45C9}.Release|Any CPU.ActiveCfg = Release|Any CPU
		{D7F9B6E5-909E-45AF-9CCE-987AA81A45C9}.Release|Any CPU.Build.0 = Release|Any CPU
		{E4AAD128-D34A-4D68-9D09-831D1185E826}.Debug|Any CPU.ActiveCfg = Debug|Any CPU
		{E4AAD128-D34A-4D68-9D09-831D1185E826}.Debug|Any CPU.Build.0 = Debug|Any CPU
		{E4AAD128-D34A-4D68-9D09-831D1185E826}.Release|Any CPU.ActiveCfg = Release|Any CPU
		{E4AAD128-D34A-4D68-9D09-831D1185E826}.Release|Any CPU.Build.0 = Release|Any CPU
		{E8C50667-557B-4409-B3B8-B38A6CD171EF}.Debug|Any CPU.ActiveCfg = Debug|Any CPU
		{E8C50667-557B-4409-B3B8-B38A6CD171EF}.Debug|Any CPU.Build.0 = Debug|Any CPU
		{E8C50667-557B-4409-B3B8-B38A6CD171EF}.Release|Any CPU.ActiveCfg = Release|Any CPU
		{E8C50667-557B-4409-B3B8-B38A6CD171EF}.Release|Any CPU.Build.0 = Release|Any CPU
		{003E6EF4-041C-40BF-961A-A7CF77E7A1A3}.Debug|Any CPU.ActiveCfg = Debug|Any CPU
		{003E6EF4-041C-40BF-961A-A7CF77E7A1A3}.Debug|Any CPU.Build.0 = Debug|Any CPU
		{003E6EF4-041C-40BF-961A-A7CF77E7A1A3}.Release|Any CPU.ActiveCfg = Release|Any CPU
		{003E6EF4-041C-40BF-961A-A7CF77E7A1A3}.Release|Any CPU.Build.0 = Release|Any CPU
		{4D44418C-45E4-4068-9679-61575AB72BA6}.Debug|Any CPU.ActiveCfg = Debug|Any CPU
		{4D44418C-45E4-4068-9679-61575AB72BA6}.Debug|Any CPU.Build.0 = Debug|Any CPU
		{4D44418C-45E4-4068-9679-61575AB72BA6}.Release|Any CPU.ActiveCfg = Release|Any CPU
		{4D44418C-45E4-4068-9679-61575AB72BA6}.Release|Any CPU.Build.0 = Release|Any CPU
		{0A7E4365-2F5D-4EFB-99DA-C9D8C763B80F}.Debug|Any CPU.ActiveCfg = Debug|Any CPU
		{0A7E4365-2F5D-4EFB-99DA-C9D8C763B80F}.Debug|Any CPU.Build.0 = Debug|Any CPU
		{0A7E4365-2F5D-4EFB-99DA-C9D8C763B80F}.Release|Any CPU.ActiveCfg = Release|Any CPU
		{0A7E4365-2F5D-4EFB-99DA-C9D8C763B80F}.Release|Any CPU.Build.0 = Release|Any CPU
		{BFAC67DD-B027-4535-B7EF-AB25EA331BF3}.Debug|Any CPU.ActiveCfg = Debug|Any CPU
		{BFAC67DD-B027-4535-B7EF-AB25EA331BF3}.Debug|Any CPU.Build.0 = Debug|Any CPU
		{BFAC67DD-B027-4535-B7EF-AB25EA331BF3}.Release|Any CPU.ActiveCfg = Release|Any CPU
		{BFAC67DD-B027-4535-B7EF-AB25EA331BF3}.Release|Any CPU.Build.0 = Release|Any CPU
		{D98BA425-8F57-4CE6-BAA0-263C488E6A15}.Debug|Any CPU.ActiveCfg = Debug|Any CPU
		{D98BA425-8F57-4CE6-BAA0-263C488E6A15}.Debug|Any CPU.Build.0 = Debug|Any CPU
		{D98BA425-8F57-4CE6-BAA0-263C488E6A15}.Release|Any CPU.ActiveCfg = Release|Any CPU
		{D98BA425-8F57-4CE6-BAA0-263C488E6A15}.Release|Any CPU.Build.0 = Release|Any CPU
		{BC80FB7F-ED6C-488F-BCBD-46E11FD9CDA5}.Debug|Any CPU.ActiveCfg = Debug|Any CPU
		{BC80FB7F-ED6C-488F-BCBD-46E11FD9CDA5}.Debug|Any CPU.Build.0 = Debug|Any CPU
		{BC80FB7F-ED6C-488F-BCBD-46E11FD9CDA5}.Release|Any CPU.ActiveCfg = Release|Any CPU
		{BC80FB7F-ED6C-488F-BCBD-46E11FD9CDA5}.Release|Any CPU.Build.0 = Release|Any CPU
		{66D1F637-7C9D-4C7B-83AA-8DAFF16CD70C}.Debug|Any CPU.ActiveCfg = Debug|Any CPU
		{66D1F637-7C9D-4C7B-83AA-8DAFF16CD70C}.Debug|Any CPU.Build.0 = Debug|Any CPU
		{66D1F637-7C9D-4C7B-83AA-8DAFF16CD70C}.Release|Any CPU.ActiveCfg = Release|Any CPU
		{66D1F637-7C9D-4C7B-83AA-8DAFF16CD70C}.Release|Any CPU.Build.0 = Release|Any CPU
		{4EF5C50A-8DC3-4342-AC2C-4D6FDECD202F}.Debug|Any CPU.ActiveCfg = Debug|Any CPU
		{4EF5C50A-8DC3-4342-AC2C-4D6FDECD202F}.Debug|Any CPU.Build.0 = Debug|Any CPU
		{4EF5C50A-8DC3-4342-AC2C-4D6FDECD202F}.Release|Any CPU.ActiveCfg = Release|Any CPU
		{4EF5C50A-8DC3-4342-AC2C-4D6FDECD202F}.Release|Any CPU.Build.0 = Release|Any CPU
		{00AD1263-F555-4D46-A379-2DE265893DE9}.Debug|Any CPU.ActiveCfg = Debug|Any CPU
		{00AD1263-F555-4D46-A379-2DE265893DE9}.Debug|Any CPU.Build.0 = Debug|Any CPU
		{00AD1263-F555-4D46-A379-2DE265893DE9}.Release|Any CPU.ActiveCfg = Release|Any CPU
		{00AD1263-F555-4D46-A379-2DE265893DE9}.Release|Any CPU.Build.0 = Release|Any CPU
		{680383F6-FF2B-49B2-9968-EBBC54E187BB}.Debug|Any CPU.ActiveCfg = Debug|Any CPU
		{680383F6-FF2B-49B2-9968-EBBC54E187BB}.Debug|Any CPU.Build.0 = Debug|Any CPU
		{680383F6-FF2B-49B2-9968-EBBC54E187BB}.Release|Any CPU.ActiveCfg = Release|Any CPU
		{680383F6-FF2B-49B2-9968-EBBC54E187BB}.Release|Any CPU.Build.0 = Release|Any CPU
		{FA82021D-B2A6-419E-87A1-470B02F014F6}.Debug|Any CPU.ActiveCfg = Debug|Any CPU
		{FA82021D-B2A6-419E-87A1-470B02F014F6}.Debug|Any CPU.Build.0 = Debug|Any CPU
		{FA82021D-B2A6-419E-87A1-470B02F014F6}.Release|Any CPU.ActiveCfg = Release|Any CPU
		{FA82021D-B2A6-419E-87A1-470B02F014F6}.Release|Any CPU.Build.0 = Release|Any CPU
		{679DF506-6FCD-4BF0-9FC6-9730CB416269}.Debug|Any CPU.ActiveCfg = Debug|Any CPU
		{679DF506-6FCD-4BF0-9FC6-9730CB416269}.Debug|Any CPU.Build.0 = Debug|Any CPU
		{679DF506-6FCD-4BF0-9FC6-9730CB416269}.Release|Any CPU.ActiveCfg = Release|Any CPU
		{679DF506-6FCD-4BF0-9FC6-9730CB416269}.Release|Any CPU.Build.0 = Release|Any CPU
		{DE4AC79A-C066-4FE1-AD5E-7C6A799D5F89}.Debug|Any CPU.ActiveCfg = Debug|Any CPU
		{DE4AC79A-C066-4FE1-AD5E-7C6A799D5F89}.Debug|Any CPU.Build.0 = Debug|Any CPU
		{DE4AC79A-C066-4FE1-AD5E-7C6A799D5F89}.Release|Any CPU.ActiveCfg = Release|Any CPU
		{DE4AC79A-C066-4FE1-AD5E-7C6A799D5F89}.Release|Any CPU.Build.0 = Release|Any CPU
	EndGlobalSection
	GlobalSection(SolutionProperties) = preSolution
		HideSolutionNode = FALSE
	EndGlobalSection
	GlobalSection(ExtensibilityGlobals) = postSolution
		SolutionGuid = {45A50EBB-1C56-4A96-84C8-05F2A4EB99F9}
	EndGlobalSection
EndGlobal
